
Microsoft Visual Studio Solution File, Format Version 12.00
# Visual Studio 15
VisualStudioVersion = 15.0.28010.2016
MinimumVisualStudioVersion = 10.0.40219.1
Project("{9A19103F-16F7-4668-BE54-9A1E7A4F7556}") = "Helsenorge.Messaging", "src\Helsenorge.Messaging\Helsenorge.Messaging.csproj", "{A0BA02E7-C2EA-496B-85ED-10ACD42B4DE8}"
EndProject
Project("{9A19103F-16F7-4668-BE54-9A1E7A4F7556}") = "Helsenorge.Messaging.Client", "src\Helsenorge.Messaging.Client\Helsenorge.Messaging.Client.csproj", "{FE928A0E-5B57-4893-8010-DDC54DC1B752}"
EndProject
Project("{9A19103F-16F7-4668-BE54-9A1E7A4F7556}") = "Helsenorge.Messaging.Server", "src\Helsenorge.Messaging.Server\Helsenorge.Messaging.Server.csproj", "{F8228F1E-51B0-4643-B4B2-CE59491853E2}"
EndProject
Project("{9A19103F-16F7-4668-BE54-9A1E7A4F7556}") = "Helsenorge.Messaging.Tests", "test\Helsenorge.Messaging.Tests\Helsenorge.Messaging.Tests.csproj", "{EE03ABE5-4B8D-48BB-AA52-0DC9D442634D}"
EndProject
Project("{9A19103F-16F7-4668-BE54-9A1E7A4F7556}") = "Helsenorge.Registries", "src\Helsenorge.Registries\Helsenorge.Registries.csproj", "{BD2883C9-4806-4216-A577-893B3C4CC174}"
EndProject
Project("{9A19103F-16F7-4668-BE54-9A1E7A4F7556}") = "Helsenorge.Registries.Tests", "test\Helsenorge.Registries.Tests\Helsenorge.Registries.Tests.csproj", "{0DD35E31-7384-4F3D-BBE0-366993DC2307}"
EndProject
Project("{2150E333-8FDC-42A3-9474-1A3956D46DE8}") = "Tools", "Tools", "{5D87F89A-6AF1-438B-B483-F5B5D8778C85}"
	ProjectSection(SolutionItems) = preProject
		CustomDictionary.xml = CustomDictionary.xml
		tools\key.snk = tools\key.snk
	EndProjectSection
EndProject
Global
	GlobalSection(SolutionConfigurationPlatforms) = preSolution
		Debug|Any CPU = Debug|Any CPU
		Release|Any CPU = Release|Any CPU
	EndGlobalSection
	GlobalSection(ProjectConfigurationPlatforms) = postSolution
		{A0BA02E7-C2EA-496B-85ED-10ACD42B4DE8}.Debug|Any CPU.ActiveCfg = Debug|Any CPU
		{A0BA02E7-C2EA-496B-85ED-10ACD42B4DE8}.Debug|Any CPU.Build.0 = Debug|Any CPU
		{A0BA02E7-C2EA-496B-85ED-10ACD42B4DE8}.Release|Any CPU.ActiveCfg = Release|Any CPU
		{A0BA02E7-C2EA-496B-85ED-10ACD42B4DE8}.Release|Any CPU.Build.0 = Release|Any CPU
		{FE928A0E-5B57-4893-8010-DDC54DC1B752}.Debug|Any CPU.ActiveCfg = Debug|Any CPU
		{FE928A0E-5B57-4893-8010-DDC54DC1B752}.Debug|Any CPU.Build.0 = Debug|Any CPU
		{FE928A0E-5B57-4893-8010-DDC54DC1B752}.Release|Any CPU.ActiveCfg = Release|Any CPU
		{FE928A0E-5B57-4893-8010-DDC54DC1B752}.Release|Any CPU.Build.0 = Release|Any CPU
		{F8228F1E-51B0-4643-B4B2-CE59491853E2}.Debug|Any CPU.ActiveCfg = Debug|Any CPU
		{F8228F1E-51B0-4643-B4B2-CE59491853E2}.Debug|Any CPU.Build.0 = Debug|Any CPU
		{F8228F1E-51B0-4643-B4B2-CE59491853E2}.Release|Any CPU.ActiveCfg = Release|Any CPU
		{F8228F1E-51B0-4643-B4B2-CE59491853E2}.Release|Any CPU.Build.0 = Release|Any CPU
		{EE03ABE5-4B8D-48BB-AA52-0DC9D442634D}.Debug|Any CPU.ActiveCfg = Debug|Any CPU
		{EE03ABE5-4B8D-48BB-AA52-0DC9D442634D}.Debug|Any CPU.Build.0 = Debug|Any CPU
		{EE03ABE5-4B8D-48BB-AA52-0DC9D442634D}.Release|Any CPU.ActiveCfg = Release|Any CPU
		{EE03ABE5-4B8D-48BB-AA52-0DC9D442634D}.Release|Any CPU.Build.0 = Release|Any CPU
		{BD2883C9-4806-4216-A577-893B3C4CC174}.Debug|Any CPU.ActiveCfg = Debug|Any CPU
		{BD2883C9-4806-4216-A577-893B3C4CC174}.Debug|Any CPU.Build.0 = Debug|Any CPU
		{BD2883C9-4806-4216-A577-893B3C4CC174}.Release|Any CPU.ActiveCfg = Release|Any CPU
		{BD2883C9-4806-4216-A577-893B3C4CC174}.Release|Any CPU.Build.0 = Release|Any CPU
		{0DD35E31-7384-4F3D-BBE0-366993DC2307}.Debug|Any CPU.ActiveCfg = Debug|Any CPU
		{0DD35E31-7384-4F3D-BBE0-366993DC2307}.Debug|Any CPU.Build.0 = Debug|Any CPU
		{0DD35E31-7384-4F3D-BBE0-366993DC2307}.Release|Any CPU.ActiveCfg = Release|Any CPU
		{0DD35E31-7384-4F3D-BBE0-366993DC2307}.Release|Any CPU.Build.0 = Release|Any CPU
	EndGlobalSection
	GlobalSection(SolutionProperties) = preSolution
		HideSolutionNode = FALSE
	EndGlobalSection
	GlobalSection(ExtensibilityGlobals) = postSolution
		SolutionGuid = {925B24E8-92AC-4D8D-959E-64DE4928A23B}
	EndGlobalSection
EndGlobal
