
Microsoft Visual Studio Solution File, Format Version 12.00
# Visual Studio 14
VisualStudioVersion = 14.0.25123.0
MinimumVisualStudioVersion = 10.0.40219.1
Project("{FAE04EC0-301F-11D3-BF4B-00C04F79EFBC}") = "Helsenorge.Messaging", "src\Helsenorge.Messaging\Helsenorge.Messaging.csproj", "{A0BA02E7-C2EA-496B-85ED-10ACD42B4DE8}"
EndProject
Project("{FAE04EC0-301F-11D3-BF4B-00C04F79EFBC}") = "Helsenorge.Messaging.Client", "src\Helsenorge.Messaging.Client\Helsenorge.Messaging.Client.csproj", "{FE928A0E-5B57-4893-8010-DDC54DC1B752}"
EndProject
Project("{FAE04EC0-301F-11D3-BF4B-00C04F79EFBC}") = "Helsenorge.Messaging.Server", "src\Helsenorge.Messaging.Server\Helsenorge.Messaging.Server.csproj", "{F8228F1E-51B0-4643-B4B2-CE59491853E2}"
EndProject
Project("{FAE04EC0-301F-11D3-BF4B-00C04F79EFBC}") = "Helsenorge.Messaging.Tests", "test\Helsenorge.Messaging.Tests\Helsenorge.Messaging.Tests.csproj", "{EE03ABE5-4B8D-48BB-AA52-0DC9D442634D}"
EndProject
Project("{FAE04EC0-301F-11D3-BF4B-00C04F79EFBC}") = "Helsenorge.Registries", "src\Helsenorge.Registries\Helsenorge.Registries.csproj", "{BD2883C9-4806-4216-A577-893B3C4CC174}"
EndProject
Project("{FAE04EC0-301F-11D3-BF4B-00C04F79EFBC}") = "Helsenorge.Registries.Tests", "test\Helsenorge.Registries.Tests\Helsenorge.Registries.Tests.csproj", "{0DD35E31-7384-4F3D-BBE0-366993DC2307}"
EndProject
Project("{2150E333-8FDC-42A3-9474-1A3956D46DE8}") = "Tools", "Tools", "{5D87F89A-6AF1-438B-B483-F5B5D8778C85}"
	ProjectSection(SolutionItems) = preProject
		CustomDictionary.xml = CustomDictionary.xml
		GlobalAssemblyInfo.cs = GlobalAssemblyInfo.cs
		tools\key.snk = tools\key.snk
	EndProjectSection
EndProject
Global
	GlobalSection(SolutionConfigurationPlatforms) = preSolution
		Debug|Any CPU = Debug|Any CPU
		Release|Any CPU = Release|Any CPU
	EndGlobalSection
	GlobalSection(ProjectConfigurationPlatforms) = postSolution
		{A0BA02E7-C2EA-496B-85ED-10ACD42B4DE8}.Debug|Any CPU.ActiveCfg = Debug|Any CPU
		{A0BA02E7-C2EA-496B-85ED-10ACD42B4DE8}.Debug|Any CPU.Build.0 = Debug|Any CPU
		{A0BA02E7-C2EA-496B-85ED-10ACD42B4DE8}.Release|Any CPU.ActiveCfg = Release|Any CPU
		{A0BA02E7-C2EA-496B-85ED-10ACD42B4DE8}.Release|Any CPU.Build.0 = Release|Any CPU
		{FE928A0E-5B57-4893-8010-DDC54DC1B752}.Debug|Any CPU.ActiveCfg = Debug|Any CPU
		{FE928A0E-5B57-4893-8010-DDC54DC1B752}.Debug|Any CPU.Build.0 = Debug|Any CPU
		{FE928A0E-5B57-4893-8010-DDC54DC1B752}.Release|Any CPU.ActiveCfg = Release|Any CPU
		{FE928A0E-5B57-4893-8010-DDC54DC1B752}.Release|Any CPU.Build.0 = Release|Any CPU
		{F8228F1E-51B0-4643-B4B2-CE59491853E2}.Debug|Any CPU.ActiveCfg = Debug|Any CPU
		{F8228F1E-51B0-4643-B4B2-CE59491853E2}.Debug|Any CPU.Build.0 = Debug|Any CPU
		{F8228F1E-51B0-4643-B4B2-CE59491853E2}.Release|Any CPU.ActiveCfg = Release|Any CPU
		{F8228F1E-51B0-4643-B4B2-CE59491853E2}.Release|Any CPU.Build.0 = Release|Any CPU
		{EE03ABE5-4B8D-48BB-AA52-0DC9D442634D}.Debug|Any CPU.ActiveCfg = Debug|Any CPU
		{EE03ABE5-4B8D-48BB-AA52-0DC9D442634D}.Debug|Any CPU.Build.0 = Debug|Any CPU
		{EE03ABE5-4B8D-48BB-AA52-0DC9D442634D}.Release|Any CPU.ActiveCfg = Release|Any CPU
		{EE03ABE5-4B8D-48BB-AA52-0DC9D442634D}.Release|Any CPU.Build.0 = Release|Any CPU
		{BD2883C9-4806-4216-A577-893B3C4CC174}.Debug|Any CPU.ActiveCfg = Debug|Any CPU
		{BD2883C9-4806-4216-A577-893B3C4CC174}.Debug|Any CPU.Build.0 = Debug|Any CPU
		{BD2883C9-4806-4216-A577-893B3C4CC174}.Release|Any CPU.ActiveCfg = Release|Any CPU
		{BD2883C9-4806-4216-A577-893B3C4CC174}.Release|Any CPU.Build.0 = Release|Any CPU
		{0DD35E31-7384-4F3D-BBE0-366993DC2307}.Debug|Any CPU.ActiveCfg = Debug|Any CPU
		{0DD35E31-7384-4F3D-BBE0-366993DC2307}.Debug|Any CPU.Build.0 = Debug|Any CPU
		{0DD35E31-7384-4F3D-BBE0-366993DC2307}.Release|Any CPU.ActiveCfg = Release|Any CPU
		{0DD35E31-7384-4F3D-BBE0-366993DC2307}.Release|Any CPU.Build.0 = Release|Any CPU
	EndGlobalSection
	GlobalSection(SolutionProperties) = preSolution
		HideSolutionNode = FALSE
	EndGlobalSection
	GlobalSection(TeamFoundationVersionControl) = preSolution
		SccNumberOfProjects = 7
		SccEnterpriseProvider = {4CA58AB2-18FA-4F8D-95D4-32DDF27D184C}
		SccTeamFoundationServer = https://tfs.helsedirektoratet.no:8081/tfs/helsedirektoratet
		SccLocalPath0 = .
		SccProjectUniqueName1 = src\\Helsenorge.Messaging.Client\\Helsenorge.Messaging.Client.csproj
		SccProjectName1 = src/Helsenorge.Messaging.Client
		SccLocalPath1 = src\\Helsenorge.Messaging.Client
		SccProjectUniqueName2 = src\\Helsenorge.Messaging.Server\\Helsenorge.Messaging.Server.csproj
		SccProjectName2 = src/Helsenorge.Messaging.Server
		SccLocalPath2 = src\\Helsenorge.Messaging.Server
		SccProjectUniqueName3 = test\\Helsenorge.Messaging.Tests\\Helsenorge.Messaging.Tests.csproj
		SccProjectName3 = test/Helsenorge.Messaging.Tests
		SccLocalPath3 = test\\Helsenorge.Messaging.Tests
		SccProjectUniqueName4 = src\\Helsenorge.Messaging\\Helsenorge.Messaging.csproj
		SccProjectName4 = src/Helsenorge.Messaging
		SccLocalPath4 = src\\Helsenorge.Messaging
		SccProjectUniqueName5 = src\\Helsenorge.Registries\\Helsenorge.Registries.csproj
		SccProjectName5 = src/Helsenorge.Registries
		SccLocalPath5 = src\\Helsenorge.Registries
		SccProjectUniqueName6 = test\\Helsenorge.Registries.Tests\\Helsenorge.Registries.Tests.csproj
		SccProjectName6 = test/Helsenorge.Registries.Tests
		SccLocalPath6 = test\\Helsenorge.Registries.Tests
	EndGlobalSection
EndGlobal
